
Microsoft Visual Studio Solution File, Format Version 12.00
# Visual Studio 15
VisualStudioVersion = 15.0.26124.0
MinimumVisualStudioVersion = 15.0.26124.0
Project("{FAE04EC0-301F-11D3-BF4B-00C04F79EFBC}") = "Zenoh", "..\Zenoh\Zenoh.csproj", "{05075D28-DE9E-4CB4-9976-FCBDD170A7B5}"
EndProject
Project("{FAE04EC0-301F-11D3-BF4B-00C04F79EFBC}") = "ZGet", "ZGet\ZGet.csproj", "{7CBBC11C-8F9D-40D4-B1A6-AD472FDF99C0}"
EndProject
Project("{FAE04EC0-301F-11D3-BF4B-00C04F79EFBC}") = "ZPut", "ZPut\ZPut.csproj", "{13E0FD6C-35D7-4422-A37F-4724D7DCDA2C}"
EndProject
Project("{FAE04EC0-301F-11D3-BF4B-00C04F79EFBC}") = "ZSub", "ZSub\ZSub.csproj", "{435FE932-CE46-49D0-B921-AC1B11585F13}"
EndProject
Project("{FAE04EC0-301F-11D3-BF4B-00C04F79EFBC}") = "ZInfo", "ZInfo\ZInfo.csproj", "{B973A563-44AD-4B68-855C-46B5D58DCE32}"
EndProject
Project("{FAE04EC0-301F-11D3-BF4B-00C04F79EFBC}") = "ZPub", "ZPub\ZPub.csproj", "{D642DF1F-7096-4D47-A5EA-FCF624536993}"
EndProject
Project("{FAE04EC0-301F-11D3-BF4B-00C04F79EFBC}") = "ZQueryable", "ZQueryable\ZQueryable.csproj", "{C8BACCA5-5B34-4617-B29B-E70A749102C9}"
EndProject
Global
	GlobalSection(SolutionConfigurationPlatforms) = preSolution
		Debug|x64 = Debug|x64
		Debug|ARM64 = Debug|ARM64
		Release|x64 = Release|x64
		Release|ARM64 = Release|ARM64
	EndGlobalSection
	GlobalSection(SolutionProperties) = preSolution
		HideSolutionNode = FALSE
	EndGlobalSection
	GlobalSection(ProjectConfigurationPlatforms) = postSolution
		{05075D28-DE9E-4CB4-9976-FCBDD170A7B5}.Debug|x64.ActiveCfg = Debug|x64
		{05075D28-DE9E-4CB4-9976-FCBDD170A7B5}.Debug|x64.Build.0 = Debug|x64
		{05075D28-DE9E-4CB4-9976-FCBDD170A7B5}.Release|x64.ActiveCfg = Release|x64
		{05075D28-DE9E-4CB4-9976-FCBDD170A7B5}.Release|x64.Build.0 = Release|x64
		{05075D28-DE9E-4CB4-9976-FCBDD170A7B5}.Debug|ARM64.ActiveCfg = Debug|ARM64
		{05075D28-DE9E-4CB4-9976-FCBDD170A7B5}.Debug|ARM64.Build.0 = Debug|ARM64
		{05075D28-DE9E-4CB4-9976-FCBDD170A7B5}.Release|ARM64.ActiveCfg = Release|ARM64
		{05075D28-DE9E-4CB4-9976-FCBDD170A7B5}.Release|ARM64.Build.0 = Release|ARM64
		{7CBBC11C-8F9D-40D4-B1A6-AD472FDF99C0}.Debug|x64.ActiveCfg = Debug|x64
		{7CBBC11C-8F9D-40D4-B1A6-AD472FDF99C0}.Debug|x64.Build.0 = Debug|x64
		{7CBBC11C-8F9D-40D4-B1A6-AD472FDF99C0}.Release|x64.ActiveCfg = Release|x64
		{7CBBC11C-8F9D-40D4-B1A6-AD472FDF99C0}.Release|x64.Build.0 = Release|x64
		{7CBBC11C-8F9D-40D4-B1A6-AD472FDF99C0}.Debug|ARM64.ActiveCfg = Debug|ARM64
		{7CBBC11C-8F9D-40D4-B1A6-AD472FDF99C0}.Debug|ARM64.Build.0 = Debug|ARM64
		{7CBBC11C-8F9D-40D4-B1A6-AD472FDF99C0}.Release|ARM64.ActiveCfg = Release|ARM64
		{7CBBC11C-8F9D-40D4-B1A6-AD472FDF99C0}.Release|ARM64.Build.0 = Release|ARM64
		{B973A563-44AD-4B68-855C-46B5D58DCE32}.Debug|x64.ActiveCfg = Debug|x64
		{B973A563-44AD-4B68-855C-46B5D58DCE32}.Debug|x64.Build.0 = Debug|x64
		{B973A563-44AD-4B68-855C-46B5D58DCE32}.Release|x64.ActiveCfg = Release|x64
		{B973A563-44AD-4B68-855C-46B5D58DCE32}.Release|x64.Build.0 = Release|x64
		{B973A563-44AD-4B68-855C-46B5D58DCE32}.Debug|ARM64.ActiveCfg = Debug|ARM64
		{B973A563-44AD-4B68-855C-46B5D58DCE32}.Debug|ARM64.Build.0 = Debug|ARM64
		{B973A563-44AD-4B68-855C-46B5D58DCE32}.Release|ARM64.ActiveCfg = Release|ARM64
		{B973A563-44AD-4B68-855C-46B5D58DCE32}.Release|ARM64.Build.0 = Release|ARM64
		{13E0FD6C-35D7-4422-A37F-4724D7DCDA2C}.Debug|x64.ActiveCfg = Debug|x64
		{13E0FD6C-35D7-4422-A37F-4724D7DCDA2C}.Debug|x64.Build.0 = Debug|x64
		{13E0FD6C-35D7-4422-A37F-4724D7DCDA2C}.Release|x64.ActiveCfg = Release|x64
		{13E0FD6C-35D7-4422-A37F-4724D7DCDA2C}.Release|x64.Build.0 = Release|x64
		{13E0FD6C-35D7-4422-A37F-4724D7DCDA2C}.Debug|ARM64.ActiveCfg = Debug|ARM64
		{13E0FD6C-35D7-4422-A37F-4724D7DCDA2C}.Debug|ARM64.Build.0 = Debug|ARM64
		{13E0FD6C-35D7-4422-A37F-4724D7DCDA2C}.Release|ARM64.ActiveCfg = Release|ARM64
		{13E0FD6C-35D7-4422-A37F-4724D7DCDA2C}.Release|ARM64.Build.0 = Release|ARM64
		{435FE932-CE46-49D0-B921-AC1B11585F13}.Debug|x64.ActiveCfg = Debug|x64
		{435FE932-CE46-49D0-B921-AC1B11585F13}.Debug|x64.Build.0 = Debug|x64
		{435FE932-CE46-49D0-B921-AC1B11585F13}.Release|x64.ActiveCfg = Release|x64
		{435FE932-CE46-49D0-B921-AC1B11585F13}.Release|x64.Build.0 = Release|x64
		{435FE932-CE46-49D0-B921-AC1B11585F13}.Debug|ARM64.ActiveCfg = Debug|ARM64
		{435FE932-CE46-49D0-B921-AC1B11585F13}.Debug|ARM64.Build.0 = Debug|ARM64
		{435FE932-CE46-49D0-B921-AC1B11585F13}.Release|ARM64.ActiveCfg = Release|ARM64
		{435FE932-CE46-49D0-B921-AC1B11585F13}.Release|ARM64.Build.0 = Release|ARM64
		{D642DF1F-7096-4D47-A5EA-FCF624536993}.Debug|ARM64.ActiveCfg = Debug|ARM64
		{D642DF1F-7096-4D47-A5EA-FCF624536993}.Debug|ARM64.Build.0 = Debug|ARM64
		{D642DF1F-7096-4D47-A5EA-FCF624536993}.Debug|x64.ActiveCfg = Debug|x64
		{D642DF1F-7096-4D47-A5EA-FCF624536993}.Debug|x64.Build.0 = Debug|x64
		{D642DF1F-7096-4D47-A5EA-FCF624536993}.Release|ARM64.ActiveCfg = Debug|ARM64
		{D642DF1F-7096-4D47-A5EA-FCF624536993}.Release|ARM64.Build.0 = Debug|ARM64
		{D642DF1F-7096-4D47-A5EA-FCF624536993}.Release|x64.ActiveCfg = Release|x64
		{D642DF1F-7096-4D47-A5EA-FCF624536993}.Release|x64.Build.0 = Release|x64
		{C8BACCA5-5B34-4617-B29B-E70A749102C9}.Debug|ARM64.ActiveCfg = Debug|ARM64
		{C8BACCA5-5B34-4617-B29B-E70A749102C9}.Debug|ARM64.Build.0 = Debug|ARM64
		{C8BACCA5-5B34-4617-B29B-E70A749102C9}.Debug|x64.ActiveCfg = Debug|x64
		{C8BACCA5-5B34-4617-B29B-E70A749102C9}.Debug|x64.Build.0 = Debug|x64
		{C8BACCA5-5B34-4617-B29B-E70A749102C9}.Release|ARM64.ActiveCfg = Release|ARM64
		{C8BACCA5-5B34-4617-B29B-E70A749102C9}.Release|ARM64.Build.0 = Release|ARM64
		{C8BACCA5-5B34-4617-B29B-E70A749102C9}.Release|x64.ActiveCfg = Release|x64
		{C8BACCA5-5B34-4617-B29B-E70A749102C9}.Release|x64.Build.0 = Release|x64
	EndGlobalSection
EndGlobal
