
Microsoft Visual Studio Solution File, Format Version 12.00
# Visual Studio 15
VisualStudioVersion = 15.0.26124.0
MinimumVisualStudioVersion = 15.0.26124.0
Project("{FAE04EC0-301F-11D3-BF4B-00C04F79EFBC}") = "Zenoh", "..\Zenoh\Zenoh.csproj", "{05075D28-DE9E-4CB4-9976-FCBDD170A7B5}"
EndProject
Project("{FAE04EC0-301F-11D3-BF4B-00C04F79EFBC}") = "ZGet", "Zenoh\ZGet.csproj", "{7CBBC11C-8F9D-40D4-B1A6-AD472FDF99C0}"
EndProject
Project("{FAE04EC0-301F-11D3-BF4B-00C04F79EFBC}") = "ZPut", "Zenoh\ZPut.csproj", "{13E0FD6C-35D7-4422-A37F-4724D7DCDA2C}"
EndProject
Project("{FAE04EC0-301F-11D3-BF4B-00C04F79EFBC}") = "ZSub", "Zenoh\ZSub.csproj", "{435FE932-CE46-49D0-B921-AC1B11585F13}"
EndProject
Project("{FAE04EC0-301F-11D3-BF4B-00C04F79EFBC}") = "ZInfo", "Zenoh\ZInfo.csproj", "{B973A563-44AD-4B68-855C-46B5D58DCE32}"
EndProject
Global
	GlobalSection(SolutionConfigurationPlatforms) = preSolution
		Debug|Any CPU = Debug|Any CPU
		Debug|x64 = Debug|x64
		Debug|x86 = Debug|x86
		Release|Any CPU = Release|Any CPU
		Release|x64 = Release|x64
		Release|x86 = Release|x86
	EndGlobalSection
	GlobalSection(SolutionProperties) = preSolution
		HideSolutionNode = FALSE
	EndGlobalSection
	GlobalSection(ProjectConfigurationPlatforms) = postSolution
		{05075D28-DE9E-4CB4-9976-FCBDD170A7B5}.Debug|Any CPU.ActiveCfg = Debug|Any CPU
		{05075D28-DE9E-4CB4-9976-FCBDD170A7B5}.Debug|Any CPU.Build.0 = Debug|Any CPU
		{05075D28-DE9E-4CB4-9976-FCBDD170A7B5}.Debug|x64.ActiveCfg = Debug|Any CPU
		{05075D28-DE9E-4CB4-9976-FCBDD170A7B5}.Debug|x64.Build.0 = Debug|Any CPU
		{05075D28-DE9E-4CB4-9976-FCBDD170A7B5}.Debug|x86.ActiveCfg = Debug|Any CPU
		{05075D28-DE9E-4CB4-9976-FCBDD170A7B5}.Debug|x86.Build.0 = Debug|Any CPU
		{05075D28-DE9E-4CB4-9976-FCBDD170A7B5}.Release|Any CPU.ActiveCfg = Release|Any CPU
		{05075D28-DE9E-4CB4-9976-FCBDD170A7B5}.Release|Any CPU.Build.0 = Release|Any CPU
		{05075D28-DE9E-4CB4-9976-FCBDD170A7B5}.Release|x64.ActiveCfg = Release|Any CPU
		{05075D28-DE9E-4CB4-9976-FCBDD170A7B5}.Release|x64.Build.0 = Release|Any CPU
		{05075D28-DE9E-4CB4-9976-FCBDD170A7B5}.Release|x86.ActiveCfg = Release|Any CPU
		{05075D28-DE9E-4CB4-9976-FCBDD170A7B5}.Release|x86.Build.0 = Release|Any CPU
		{7CBBC11C-8F9D-40D4-B1A6-AD472FDF99C0}.Debug|Any CPU.ActiveCfg = Debug|Any CPU
		{7CBBC11C-8F9D-40D4-B1A6-AD472FDF99C0}.Debug|Any CPU.Build.0 = Debug|Any CPU
		{7CBBC11C-8F9D-40D4-B1A6-AD472FDF99C0}.Debug|x64.ActiveCfg = Debug|Any CPU
		{7CBBC11C-8F9D-40D4-B1A6-AD472FDF99C0}.Debug|x64.Build.0 = Debug|Any CPU
		{7CBBC11C-8F9D-40D4-B1A6-AD472FDF99C0}.Debug|x86.ActiveCfg = Debug|Any CPU
		{7CBBC11C-8F9D-40D4-B1A6-AD472FDF99C0}.Debug|x86.Build.0 = Debug|Any CPU
		{7CBBC11C-8F9D-40D4-B1A6-AD472FDF99C0}.Release|Any CPU.ActiveCfg = Release|Any CPU
		{7CBBC11C-8F9D-40D4-B1A6-AD472FDF99C0}.Release|Any CPU.Build.0 = Release|Any CPU
		{7CBBC11C-8F9D-40D4-B1A6-AD472FDF99C0}.Release|x64.ActiveCfg = Release|Any CPU
		{7CBBC11C-8F9D-40D4-B1A6-AD472FDF99C0}.Release|x64.Build.0 = Release|Any CPU
		{7CBBC11C-8F9D-40D4-B1A6-AD472FDF99C0}.Release|x86.ActiveCfg = Release|Any CPU
		{7CBBC11C-8F9D-40D4-B1A6-AD472FDF99C0}.Release|x86.Build.0 = Release|Any CPU
		{13E0FD6C-35D7-4422-A37F-4724D7DCDA2C}.Debug|Any CPU.ActiveCfg = Debug|Any CPU
		{13E0FD6C-35D7-4422-A37F-4724D7DCDA2C}.Debug|Any CPU.Build.0 = Debug|Any CPU
		{13E0FD6C-35D7-4422-A37F-4724D7DCDA2C}.Debug|x64.ActiveCfg = Debug|Any CPU
		{13E0FD6C-35D7-4422-A37F-4724D7DCDA2C}.Debug|x64.Build.0 = Debug|Any CPU
		{13E0FD6C-35D7-4422-A37F-4724D7DCDA2C}.Debug|x86.ActiveCfg = Debug|Any CPU
		{13E0FD6C-35D7-4422-A37F-4724D7DCDA2C}.Debug|x86.Build.0 = Debug|Any CPU
		{13E0FD6C-35D7-4422-A37F-4724D7DCDA2C}.Release|Any CPU.ActiveCfg = Release|Any CPU
		{13E0FD6C-35D7-4422-A37F-4724D7DCDA2C}.Release|Any CPU.Build.0 = Release|Any CPU
		{13E0FD6C-35D7-4422-A37F-4724D7DCDA2C}.Release|x64.ActiveCfg = Release|Any CPU
		{13E0FD6C-35D7-4422-A37F-4724D7DCDA2C}.Release|x64.Build.0 = Release|Any CPU
		{13E0FD6C-35D7-4422-A37F-4724D7DCDA2C}.Release|x86.ActiveCfg = Release|Any CPU
		{13E0FD6C-35D7-4422-A37F-4724D7DCDA2C}.Release|x86.Build.0 = Release|Any CPU
		{435FE932-CE46-49D0-B921-AC1B11585F13}.Debug|Any CPU.ActiveCfg = Debug|Any CPU
		{435FE932-CE46-49D0-B921-AC1B11585F13}.Debug|Any CPU.Build.0 = Debug|Any CPU
		{435FE932-CE46-49D0-B921-AC1B11585F13}.Debug|x64.ActiveCfg = Debug|Any CPU
		{435FE932-CE46-49D0-B921-AC1B11585F13}.Debug|x64.Build.0 = Debug|Any CPU
		{435FE932-CE46-49D0-B921-AC1B11585F13}.Debug|x86.ActiveCfg = Debug|Any CPU
		{435FE932-CE46-49D0-B921-AC1B11585F13}.Debug|x86.Build.0 = Debug|Any CPU
		{435FE932-CE46-49D0-B921-AC1B11585F13}.Release|Any CPU.ActiveCfg = Release|Any CPU
		{435FE932-CE46-49D0-B921-AC1B11585F13}.Release|Any CPU.Build.0 = Release|Any CPU
		{435FE932-CE46-49D0-B921-AC1B11585F13}.Release|x64.ActiveCfg = Release|Any CPU
		{435FE932-CE46-49D0-B921-AC1B11585F13}.Release|x64.Build.0 = Release|Any CPU
		{435FE932-CE46-49D0-B921-AC1B11585F13}.Release|x86.ActiveCfg = Release|Any CPU
		{435FE932-CE46-49D0-B921-AC1B11585F13}.Release|x86.Build.0 = Release|Any CPU
		{B973A563-44AD-4B68-855C-46B5D58DCE32}.Debug|Any CPU.ActiveCfg = Debug|Any CPU
		{B973A563-44AD-4B68-855C-46B5D58DCE32}.Debug|Any CPU.Build.0 = Debug|Any CPU
		{B973A563-44AD-4B68-855C-46B5D58DCE32}.Debug|x64.ActiveCfg = Debug|Any CPU
		{B973A563-44AD-4B68-855C-46B5D58DCE32}.Debug|x64.Build.0 = Debug|Any CPU
		{B973A563-44AD-4B68-855C-46B5D58DCE32}.Debug|x86.ActiveCfg = Debug|Any CPU
		{B973A563-44AD-4B68-855C-46B5D58DCE32}.Debug|x86.Build.0 = Debug|Any CPU
		{B973A563-44AD-4B68-855C-46B5D58DCE32}.Release|Any CPU.ActiveCfg = Release|Any CPU
		{B973A563-44AD-4B68-855C-46B5D58DCE32}.Release|Any CPU.Build.0 = Release|Any CPU
		{B973A563-44AD-4B68-855C-46B5D58DCE32}.Release|x64.ActiveCfg = Release|Any CPU
		{B973A563-44AD-4B68-855C-46B5D58DCE32}.Release|x64.Build.0 = Release|Any CPU
		{B973A563-44AD-4B68-855C-46B5D58DCE32}.Release|x86.ActiveCfg = Release|Any CPU
		{B973A563-44AD-4B68-855C-46B5D58DCE32}.Release|x86.Build.0 = Release|Any CPU
	EndGlobalSection
EndGlobal
